{
  "name": "nextcodestation-site",
  "lockfileVersion": 3,
  "requires": true,
  "packages": {
    "": {
      "dependencies": {
        "@firecms/neat": "^0.8.0"
      }
    },
    "node_modules/@firecms/neat": {
      "version": "0.8.0",
      "resolved": "https://registry.npmjs.org/@firecms/neat/-/neat-0.8.0.tgz",
      "integrity": "sha512-gwvYd63voJa+ZtEt6SW3toJwVx9smisKuXE7vsXvZtlGPzsWpR1lzaltIsijuPkg8Qj/ybS2tEdsttWE7g2KsA==",
      "license": "MIT AND Commons-Clause"
    }
  }
}
